
Microsoft Visual Studio Solution File, Format Version 12.00
# Visual Studio Version 17
VisualStudioVersion = 17.9.34728.123
MinimumVisualStudioVersion = 10.0.40219.1
Project("{FAE04EC0-301F-11D3-BF4B-00C04F79EFBC}") = "DataGridWPF_JSON", "DataGridWPF_JSON\DataGridWPF_JSON.csproj", "{4C0BA57D-404D-4139-B53F-BDB4F7A07DD9}"
EndProject
Global
	GlobalSection(SolutionConfigurationPlatforms) = preSolution
		Debug|Any CPU = Debug|Any CPU
		Release|Any CPU = Release|Any CPU
	EndGlobalSection
	GlobalSection(ProjectConfigurationPlatforms) = postSolution
		{4C0BA57D-404D-4139-B53F-BDB4F7A07DD9}.Debug|Any CPU.ActiveCfg = Debug|Any CPU
		{4C0BA57D-404D-4139-B53F-BDB4F7A07DD9}.Debug|Any CPU.Build.0 = Debug|Any CPU
		{4C0BA57D-404D-4139-B53F-BDB4F7A07DD9}.Release|Any CPU.ActiveCfg = Release|Any CPU
		{4C0BA57D-404D-4139-B53F-BDB4F7A07DD9}.Release|Any CPU.Build.0 = Release|Any CPU
	EndGlobalSection
	GlobalSection(SolutionProperties) = preSolution
		HideSolutionNode = FALSE
	EndGlobalSection
	GlobalSection(ExtensibilityGlobals) = postSolution
		SolutionGuid = {BDB59202-3DCB-4F5D-8AE5-DECC883E7D24}
	EndGlobalSection
EndGlobal
